{
  "platform": {"system": "Linux", "architecture": "x86_64", "python_abi": "cp311", "minimum_glibc": "2.28"},
  "python": {
    "version": "3.11.16",
    "release": "20260924",
    "url": "https://github.com/astral-sh/python-build-standalone/releases/download/20260924/cpython-3.11.16%2B20260924-x86_64-unknown-linux-gnu-install_only.tar.gz",
    "sha256": "49a52eb189878431a36efd137e7cd08f6429e59dc049b9cfb030bf706eb33fd4",
    "archive": "cache/downloads/cpython-3.11.16-20260924-x86_64-unknown-linux-gnu.tar.gz",
    "executable": ".runtime/python/bin/python3.11",
    "executable_sha256": "1d62607d5ea8c732b6e1157d34db3579359dc3f5cf89c232d3f7b5f2d2cac05d",
    "shared_library": ".runtime/python/lib/libpython3.11.so.1.0",
    "shared_library_sha256": "cbc579dde7d16c9a02aeb9ce419d2d48f2193426058c2b509900b3f3dec9ee0b"
  },
  "python_wheels": {"index_url": "https://pypi.org/simple", "lockfile": "requirements.lock", "wheelhouse": "cache/wheels"},
  "torch": {
    "version": "2.14.0+cpu",
    "url": "https://download.pytorch.org/whl/cpu/torch-2.14.0%2Bcpu-cp311-cp311-manylinux_2_28_x86_64.whl",
    "sha256": "673dbf5c9bbadfffab7a386b6dd7a0c219f1408a328b7b4e86d0ae551cdafa42",
    "path": "cache/wheels/torch-2.14.0+cpu-cp311-cp311-manylinux_2_28_x86_64.whl"
  },
  "spacy_model": {
    "version": "3.8.0",
    "url": "https://github.com/explosion/spacy-models/releases/download/en_core_web_sm-3.8.0/en_core_web_sm-3.8.0-py3-none-any.whl",
    "sha256": "1932429db727d4bff3deed6b34cfc05df17794f4a52eeb26cf8928f7c1a0fb85",
    "path": "cache/wheels/en_core_web_sm-3.8.0-py3-none-any.whl"
  },
  "ffmpeg": {
    "version": "9.0.2",
    "build": "1789931100_9.0.2",
    "ffmpeg": {
      "url": "https://ffmpeg.martin-riedl.de/download/linux/amd64/1789931100_9.0.2/ffmpeg.zip",
      "sha256": "fa8ecf4abbd290d98f7d188b8649cc6b391ae209a98452be955a15aab1909d7f",
      "archive": "cache/downloads/mr-ffmpeg-linux-amd64.zip",
      "executable": ".runtime/bin/ffmpeg",
      "binary_sha256": "2624cfce1acdb259fe72b6d020dac937a1e7e66cf3578d8c4d43704e69a42cba"
    },
    "ffprobe": {
      "url": "https://ffmpeg.martin-riedl.de/download/linux/amd64/1789931100_9.0.2/ffprobe.zip",
      "sha256": "3f428c49070be3d24ec338602b76d412e401ffcb8a5641ef0e729181a232fc32",
      "archive": "cache/downloads/mr-ffprobe-linux-amd64.zip",
      "executable": ".runtime/bin/ffprobe",
      "binary_sha256": "fa300ee31cd55e7a8d052f16d017fde3b68d842dff39e0c29575ced5278947d6"
    }
  },
  "espeak_ng": {
    "version": "1.52.0",
    "source_wheel": "espeakng_loader-0.2.4-py3-none-manylinux_2_17_x86_64.manylinux2014_x86_64.whl",
    "source_sha256": "08721baf27d13d461f6be6eed9a65277e70d68234ff484fd8b9897b222cdcb6d",
    "library": ".runtime/lib/libespeak-ng.so",
    "library_sha256": "b15ce0803b26254e8a0d088c6b9281a2637b2b02613147cc320cfdefaf2c3ccf",
    "executable": ".runtime/bin/espeak-ng",
    "executable_type": "project-local CLI for the pinned native library",
    "data": ".runtime/share/espeak-ng-data",
    "data_tree_sha256": "16279acc1d4559aac2bf47df243035dc88384f01f652d5ab8bde37786aeda43c"
  },
  "browser": {
    "playwright_version": "1.63.0",
    "chromium_version": "153.0.8010.12",
    "revision": "1243",
    "headless_shell": {
      "url": "https://cdn.playwright.dev/builds/cft/153.0.8010.12/linux64/chrome-headless-shell-linux64.zip",
      "sha256": "a9da028861a0cf789ff25c2fed45f5f1aaf969ed9247835b6a7821a4f7af9d1d",
      "archive": "cache/downloads/chrome-headless-shell-linux64-153.0.8010.12.zip",
      "root": ".runtime/browsers/chromium_headless_shell-1243",
      "markers": ["INSTALLATION_COMPLETE", "DEPENDENCIES_VALIDATED"],
      "binary": ".runtime/browsers/chromium_headless_shell-1243/chrome-headless-shell-linux64/chrome-headless-shell",
      "binary_sha256": "ded93a9c9a53a1ae040f08124badcca95c938e9d5015ff340c3b5538c41bf39e",
      "tree_sha256": "47df60c2c1c298c04ef26d2ab18187622527550f562c4e1e07acd650b02953c0"
    }
  },
  "kokoro": {
    "repository": "hexgrad/Kokoro-82M",
    "revision": "f3ff3571791e39611d31c381e3a41a3af07b4987",
    "config": {"url": "https://huggingface.co/hexgrad/Kokoro-82M/resolve/f3ff3571791e39611d31c381e3a41a3af07b4987/config.json", "path": "cache/models/kokoro/config.json", "sha256": "5abb01e2403b072bf03d04fde160443e209d7a0dad49a423be15196b9b43c17f"},
    "model": {"url": "https://huggingface.co/hexgrad/Kokoro-82M/resolve/f3ff3571791e39611d31c381e3a41a3af07b4987/kokoro-v1_0.pth", "path": "cache/models/kokoro/kokoro-v1_0.pth", "sha256": "496dba118d1a58f5f3db2efc88dbdc216e0483fc89fe6e47ee1f2c53f18ad1e4"},
    "voice": {"name": "af_heart", "url": "https://huggingface.co/hexgrad/Kokoro-82M/resolve/f3ff3571791e39611d31c381e3a41a3af07b4987/voices/af_heart.pt", "path": "cache/models/kokoro/voices/af_heart.pt", "sha256": "0ab5709b8ffab19bfd849cd11d98f75b60af7733253ad0d67b12382a102cb4ff"}
  },
  "fonts": {
    "repository": "google/fonts",
    "revision": "23e54b51ddffbc7713c583748e3bd86f62b1fa4a",
    "inter": {"url": "https://raw.githubusercontent.com/google/fonts/23e54b51ddffbc7713c583748e3bd86f62b1fa4a/ofl/inter/Inter%5Bopsz%2Cwght%5D.ttf", "path": "assets/fonts/Inter.ttf", "sha256": "29160a80ff49ddcab2c97711247e08b1fab27a484a329ce8b813d820dc559031"},
    "noto_sans_mono": {"url": "https://raw.githubusercontent.com/google/fonts/23e54b51ddffbc7713c583748e3bd86f62b1fa4a/ofl/notosansmono/NotoSansMono%5Bwdth%2Cwght%5D.ttf", "path": "assets/fonts/NotoSansMono.ttf", "sha256": "2cb2adb378a8f574213e23df697050b83c54c27df465a2015552740b2769a081"}
  }
}
